
Microsoft Visual Studio Solution File, Format Version 12.00
# Visual Studio Version 17
VisualStudioVersion = 17.8.34330.188
MinimumVisualStudioVersion = 10.0.40219.1
Project("{FAE04EC0-301F-11D3-BF4B-00C04F79EFBC}") = "WoWTools.WDBUpdater", "WoWTools.WDBUpdater.csproj", "{DD62B631-591A-4272-8E71-7C6F89E78200}"
EndProject
Global
	GlobalSection(SolutionConfigurationPlatforms) = preSolution
		Debug|Any CPU = Debug|Any CPU
		Release|Any CPU = Release|Any CPU
	EndGlobalSection
	GlobalSection(ProjectConfigurationPlatforms) = postSolution
		{DD62B631-591A-4272-8E71-7C6F89E78200}.Debug|Any CPU.ActiveCfg = Debug|Any CPU
		{DD62B631-591A-4272-8E71-7C6F89E78200}.Debug|Any CPU.Build.0 = Debug|Any CPU
		{DD62B631-591A-4272-8E71-7C6F89E78200}.Release|Any CPU.ActiveCfg = Release|Any CPU
		{DD62B631-591A-4272-8E71-7C6F89E78200}.Release|Any CPU.Build.0 = Release|Any CPU
	EndGlobalSection
	GlobalSection(SolutionProperties) = preSolution
		HideSolutionNode = FALSE
	EndGlobalSection
	GlobalSection(ExtensibilityGlobals) = postSolution
		SolutionGuid = {1597E2E1-8A37-4986-9577-141C5116AFDE}
	EndGlobalSection
EndGlobal
